
Microsoft Visual Studio Solution File, Format Version 12.00
# Visual Studio Version 16
VisualStudioVersion = 16.0.30104.148
MinimumVisualStudioVersion = 10.0.40219.1
Project("{9A19103F-16F7-4668-BE54-9A1E7A4F7556}") = "Sushi.WebserviceLogger.Core", "Sushi.WebserviceLogger.Core\Sushi.WebserviceLogger.Core.csproj", "{99627BAF-1007-41FA-8755-6793648F35E2}"
EndProject
Project("{9A19103F-16F7-4668-BE54-9A1E7A4F7556}") = "Sushi.WebserviceLogger.Core.Middleware", "Sushi.WebserviceLogger.Core.Middleware\Sushi.WebserviceLogger.Core.Middleware.csproj", "{7F969B65-0C7C-44F0-9D97-7B7799A143CE}"
EndProject
Project("{9A19103F-16F7-4668-BE54-9A1E7A4F7556}") = "Sushi.WebserviceLogger.SampleService", "Sushi.WebserviceLogger.SampleService\Sushi.WebserviceLogger.SampleService.csproj", "{8827CD7A-3A0D-4F89-8936-13BA3B4108B7}"
EndProject
Project("{9A19103F-16F7-4668-BE54-9A1E7A4F7556}") = "Sushi.WebserviceLogger.Persisters", "Sushi.WebserviceLogger.Persisters\Sushi.WebserviceLogger.Persisters.csproj", "{49666E26-030E-4775-932F-40D6C75523E3}"
EndProject
Project("{9A19103F-16F7-4668-BE54-9A1E7A4F7556}") = "Sushi.WebserviceLogger.Test", "Sushi.WebserviceLogger.Test\Sushi.WebserviceLogger.Test.csproj", "{D1C74989-2394-48E3-8957-C97C2671FB31}"
EndProject
Project("{2150E333-8FDC-42A3-9474-1A3956D46DE8}") = "ElasticScripts", "ElasticScripts", "{DF7F522D-0B76-4666-BA71-431D39A78C64}"
	ProjectSection(SolutionItems) = preProject
		1 - Create mapping template.txt = 1 - Create mapping template.txt
		2 - Create lifecycle management.txt = 2 - Create lifecycle management.txt
		3 - Create index template.txt = 3 - Create index template.txt
	EndProjectSection
EndProject
Project("{2150E333-8FDC-42A3-9474-1A3956D46DE8}") = "Solution Items", "Solution Items", "{59135A03-3E24-4C6C-8613-E322DB993B95}"
	ProjectSection(SolutionItems) = preProject
		..\.gitignore = ..\.gitignore
		..\LICENSE = ..\LICENSE
		..\README.md = ..\README.md
	EndProjectSection
EndProject
Project("{FAE04EC0-301F-11D3-BF4B-00C04F79EFBC}") = "Sushi.WebserviceLogger.Filter", "Sushi.WebserviceLogger.Filter\Sushi.WebserviceLogger.Filter.csproj", "{46CE584A-3E28-4B3E-BEAE-EE9B35CE247E}"
EndProject
Global
	GlobalSection(SolutionConfigurationPlatforms) = preSolution
		Debug|Any CPU = Debug|Any CPU
		Release|Any CPU = Release|Any CPU
	EndGlobalSection
	GlobalSection(ProjectConfigurationPlatforms) = postSolution
		{99627BAF-1007-41FA-8755-6793648F35E2}.Debug|Any CPU.ActiveCfg = Debug|Any CPU
		{99627BAF-1007-41FA-8755-6793648F35E2}.Debug|Any CPU.Build.0 = Debug|Any CPU
		{99627BAF-1007-41FA-8755-6793648F35E2}.Release|Any CPU.ActiveCfg = Release|Any CPU
		{99627BAF-1007-41FA-8755-6793648F35E2}.Release|Any CPU.Build.0 = Release|Any CPU
		{7F969B65-0C7C-44F0-9D97-7B7799A143CE}.Debug|Any CPU.ActiveCfg = Debug|Any CPU
		{7F969B65-0C7C-44F0-9D97-7B7799A143CE}.Debug|Any CPU.Build.0 = Debug|Any CPU
		{7F969B65-0C7C-44F0-9D97-7B7799A143CE}.Release|Any CPU.ActiveCfg = Release|Any CPU
		{7F969B65-0C7C-44F0-9D97-7B7799A143CE}.Release|Any CPU.Build.0 = Release|Any CPU
		{8827CD7A-3A0D-4F89-8936-13BA3B4108B7}.Debug|Any CPU.ActiveCfg = Debug|Any CPU
		{8827CD7A-3A0D-4F89-8936-13BA3B4108B7}.Debug|Any CPU.Build.0 = Debug|Any CPU
		{8827CD7A-3A0D-4F89-8936-13BA3B4108B7}.Release|Any CPU.ActiveCfg = Release|Any CPU
		{8827CD7A-3A0D-4F89-8936-13BA3B4108B7}.Release|Any CPU.Build.0 = Release|Any CPU
		{49666E26-030E-4775-932F-40D6C75523E3}.Debug|Any CPU.ActiveCfg = Debug|Any CPU
		{49666E26-030E-4775-932F-40D6C75523E3}.Debug|Any CPU.Build.0 = Debug|Any CPU
		{49666E26-030E-4775-932F-40D6C75523E3}.Release|Any CPU.ActiveCfg = Release|Any CPU
		{49666E26-030E-4775-932F-40D6C75523E3}.Release|Any CPU.Build.0 = Release|Any CPU
		{D1C74989-2394-48E3-8957-C97C2671FB31}.Debug|Any CPU.ActiveCfg = Debug|Any CPU
		{D1C74989-2394-48E3-8957-C97C2671FB31}.Debug|Any CPU.Build.0 = Debug|Any CPU
		{D1C74989-2394-48E3-8957-C97C2671FB31}.Release|Any CPU.ActiveCfg = Release|Any CPU
		{D1C74989-2394-48E3-8957-C97C2671FB31}.Release|Any CPU.Build.0 = Release|Any CPU
		{46CE584A-3E28-4B3E-BEAE-EE9B35CE247E}.Debug|Any CPU.ActiveCfg = Debug|Any CPU
		{46CE584A-3E28-4B3E-BEAE-EE9B35CE247E}.Debug|Any CPU.Build.0 = Debug|Any CPU
		{46CE584A-3E28-4B3E-BEAE-EE9B35CE247E}.Release|Any CPU.ActiveCfg = Release|Any CPU
		{46CE584A-3E28-4B3E-BEAE-EE9B35CE247E}.Release|Any CPU.Build.0 = Release|Any CPU
	EndGlobalSection
	GlobalSection(SolutionProperties) = preSolution
		HideSolutionNode = FALSE
	EndGlobalSection
	GlobalSection(ExtensibilityGlobals) = postSolution
		SolutionGuid = {269736EA-2A7D-4B94-AFF4-EF4059473D46}
	EndGlobalSection
EndGlobal
